// !$*UTF8*$!
{
	archiveVersion = 1;
	classes = {
	};
	objectVersion = 55;
	objects = {

/* Begin PBXBuildFile section */
		39D19707CAB83516E9CDD0C5 /* Pods_GetGoTestApp_GetGoTestAppUITests.framework in Frameworks */ = {isa = PBXBuildFile; fileRef = B535F405DE49D22DBA06187A /* Pods_GetGoTestApp_GetGoTestAppUITests.framework */; };
		5C7750DABD3E9B784E47CFF0 /* Pods_GetGoTestApp.framework in Frameworks */ = {isa = PBXBuildFile; fileRef = 2A90323B214C7A81A5CB8A1B /* Pods_GetGoTestApp.framework */; };
		73C295B8D17771C6172C8370 /* Pods_GetGoTestAppTests.framework in Frameworks */ = {isa = PBXBuildFile; fileRef = 52B43B25676BE36C972ADE4F /* Pods_GetGoTestAppTests.framework */; };
		E04519D92952D25700F9AB09 /* CharacterViewControllerUITests.swift in Sources */ = {isa = PBXBuildFile; fileRef = E04519D82952D25700F9AB09 /* CharacterViewControllerUITests.swift */; };
		E04519DB2952DA2A00F9AB09 /* LocationViewControllerUITests.swift in Sources */ = {isa = PBXBuildFile; fileRef = E04519DA2952DA2A00F9AB09 /* LocationViewControllerUITests.swift */; };
		E04519DD2952F8AE00F9AB09 /* FilterViewController.swift in Sources */ = {isa = PBXBuildFile; fileRef = E04519DC2952F8AE00F9AB09 /* FilterViewController.swift */; };
		E06AF75529546636001895C9 /* CollectionHeaderView.swift in Sources */ = {isa = PBXBuildFile; fileRef = E06AF75129546636001895C9 /* CollectionHeaderView.swift */; };
		E06AF75729546636001895C9 /* ContainerBottomSheetView.swift in Sources */ = {isa = PBXBuildFile; fileRef = E06AF75329546636001895C9 /* ContainerBottomSheetView.swift */; };
		E06AF75D29546D32001895C9 /* SheetTransition.swift in Sources */ = {isa = PBXBuildFile; fileRef = E06AF75A29546D32001895C9 /* SheetTransition.swift */; };
		E06AF75E29546D32001895C9 /* SheetTransitioningDelegate.swift in Sources */ = {isa = PBXBuildFile; fileRef = E06AF75B29546D32001895C9 /* SheetTransitioningDelegate.swift */; };
		E06AF75F29546D32001895C9 /* SheetPresentationController.swift in Sources */ = {isa = PBXBuildFile; fileRef = E06AF75C29546D32001895C9 /* SheetPresentationController.swift */; };
		E06AF7612955A779001895C9 /* EpisodeViewControllerUITests.swift in Sources */ = {isa = PBXBuildFile; fileRef = E06AF7602955A779001895C9 /* EpisodeViewControllerUITests.swift */; };
		E06AF7632955B2A4001895C9 /* CharacterViewControllerTests.swift in Sources */ = {isa = PBXBuildFile; fileRef = E06AF7622955B2A4001895C9 /* CharacterViewControllerTests.swift */; };
		E06AF7652956D0C8001895C9 /* URLSessionMock.swift in Sources */ = {isa = PBXBuildFile; fileRef = E06AF7642956D0C8001895C9 /* URLSessionMock.swift */; };
		E0774CD3295013CD00149BDB /* CharacterDetailViewController.swift in Sources */ = {isa = PBXBuildFile; fileRef = E0774CD2295013CD00149BDB /* CharacterDetailViewController.swift */; };
		E0AC70B8294B163A0083C97F /* LocationViewController.swift in Sources */ = {isa = PBXBuildFile; fileRef = E0AC70B4294B163A0083C97F /* LocationViewController.swift */; };
		E0AC70B9294B163A0083C97F /* MainTabBarController.swift in Sources */ = {isa = PBXBuildFile; fileRef = E0AC70B5294B163A0083C97F /* MainTabBarController.swift */; };
		E0AC70BA294B163A0083C97F /* EpisodesViewController.swift in Sources */ = {isa = PBXBuildFile; fileRef = E0AC70B6294B163A0083C97F /* EpisodesViewController.swift */; };
		E0AC70BB294B163A0083C97F /* CharacterViewController.swift in Sources */ = {isa = PBXBuildFile; fileRef = E0AC70B7294B163A0083C97F /* CharacterViewController.swift */; };
		E0B5F8D82951A743007098C5 /* LocationDetailViewController.swift in Sources */ = {isa = PBXBuildFile; fileRef = E0B5F8D72951A743007098C5 /* LocationDetailViewController.swift */; };
		E0B5F8DE2951C066007098C5 /* EpisodeDetailViewController.swift in Sources */ = {isa = PBXBuildFile; fileRef = E0B5F8DD2951C066007098C5 /* EpisodeDetailViewController.swift */; };
		E0E7C0AD294AFD9600F7258D /* AppDelegate.swift in Sources */ = {isa = PBXBuildFile; fileRef = E0E7C0AC294AFD9600F7258D /* AppDelegate.swift */; };
		E0E7C0AF294AFD9600F7258D /* SceneDelegate.swift in Sources */ = {isa = PBXBuildFile; fileRef = E0E7C0AE294AFD9600F7258D /* SceneDelegate.swift */; };
		E0E7C0B4294AFD9600F7258D /* Main.storyboard in Resources */ = {isa = PBXBuildFile; fileRef = E0E7C0B2294AFD9600F7258D /* Main.storyboard */; };
		E0E7C0B6294AFD9800F7258D /* Assets.xcassets in Resources */ = {isa = PBXBuildFile; fileRef = E0E7C0B5294AFD9800F7258D /* Assets.xcassets */; };
		E0E7C0B9294AFD9800F7258D /* LaunchScreen.storyboard in Resources */ = {isa = PBXBuildFile; fileRef = E0E7C0B7294AFD9800F7258D /* LaunchScreen.storyboard */; };
		E0E7C0C4294AFD9800F7258D /* GetGoTestAppTests.swift in Sources */ = {isa = PBXBuildFile; fileRef = E0E7C0C3294AFD9800F7258D /* GetGoTestAppTests.swift */; };
		E0E7C0CE294AFD9800F7258D /* GetGoTestAppUITests.swift in Sources */ = {isa = PBXBuildFile; fileRef = E0E7C0CD294AFD9800F7258D /* GetGoTestAppUITests.swift */; };
		E0E7C0D0294AFD9800F7258D /* GetGoTestAppUITestsLaunchTests.swift in Sources */ = {isa = PBXBuildFile; fileRef = E0E7C0CF294AFD9800F7258D /* GetGoTestAppUITestsLaunchTests.swift */; };
		E0EA2CF22954404000056B75 /* MaterialLoader.swift in Sources */ = {isa = PBXBuildFile; fileRef = E0EA2CBB2954404000056B75 /* MaterialLoader.swift */; };
		E0EA2CF32954404000056B75 /* EpisodesFeedCell.swift in Sources */ = {isa = PBXBuildFile; fileRef = E0EA2CBC2954404000056B75 /* EpisodesFeedCell.swift */; };
		E0EA2CF42954404000056B75 /* CharacterDetailFeedCell.xib in Resources */ = {isa = PBXBuildFile; fileRef = E0EA2CBD2954404000056B75 /* CharacterDetailFeedCell.xib */; };
		E0EA2CF52954404000056B75 /* CommonLinkFeedCell.xib in Resources */ = {isa = PBXBuildFile; fileRef = E0EA2CBE2954404000056B75 /* CommonLinkFeedCell.xib */; };
		E0EA2CF62954404000056B75 /* EpisodesFeedCell.xib in Resources */ = {isa = PBXBuildFile; fileRef = E0EA2CBF2954404000056B75 /* EpisodesFeedCell.xib */; };
		E0EA2CF72954404000056B75 /* CharacterFeedCell.xib in Resources */ = {isa = PBXBuildFile; fileRef = E0EA2CC02954404000056B75 /* CharacterFeedCell.xib */; };
		E0EA2CF82954404000056B75 /* LocationDetailFeedCell.xib in Resources */ = {isa = PBXBuildFile; fileRef = E0EA2CC12954404000056B75 /* LocationDetailFeedCell.xib */; };
		E0EA2CF92954404000056B75 /* CharacterDetailFeedCell.swift in Sources */ = {isa = PBXBuildFile; fileRef = E0EA2CC22954404000056B75 /* CharacterDetailFeedCell.swift */; };
		E0EA2CFA2954404000056B75 /* LocationDetailFeedCell.swift in Sources */ = {isa = PBXBuildFile; fileRef = E0EA2CC32954404000056B75 /* LocationDetailFeedCell.swift */; };
		E0EA2CFB2954404000056B75 /* FilterCharacterTagCell.xib in Resources */ = {isa = PBXBuildFile; fileRef = E0EA2CC42954404000056B75 /* FilterCharacterTagCell.xib */; };
		E0EA2CFC2954404000056B75 /* EpisodeDetailFeedCell.swift in Sources */ = {isa = PBXBuildFile; fileRef = E0EA2CC52954404000056B75 /* EpisodeDetailFeedCell.swift */; };
		E0EA2CFD2954404000056B75 /* CharacterFeedCell.swift in Sources */ = {isa = PBXBuildFile; fileRef = E0EA2CC62954404000056B75 /* CharacterFeedCell.swift */; };
		E0EA2CFE2954404000056B75 /* FilterCharacterTagCell.swift in Sources */ = {isa = PBXBuildFile; fileRef = E0EA2CC72954404000056B75 /* FilterCharacterTagCell.swift */; };
		E0EA2CFF2954404000056B75 /* EpisodeDetailFeedCell.xib in Resources */ = {isa = PBXBuildFile; fileRef = E0EA2CC82954404000056B75 /* EpisodeDetailFeedCell.xib */; };
		E0EA2D002954404000056B75 /* LocationFeedCell.swift in Sources */ = {isa = PBXBuildFile; fileRef = E0EA2CC92954404000056B75 /* LocationFeedCell.swift */; };
		E0EA2D012954404000056B75 /* LocationFeedCell.xib in Resources */ = {isa = PBXBuildFile; fileRef = E0EA2CCA2954404000056B75 /* LocationFeedCell.xib */; };
		E0EA2D022954404000056B75 /* CommonLinkFeedCell.swift in Sources */ = {isa = PBXBuildFile; fileRef = E0EA2CCB2954404000056B75 /* CommonLinkFeedCell.swift */; };
		E0EA2D052954404000056B75 /* CharacterViewModel.swift in Sources */ = {isa = PBXBuildFile; fileRef = E0EA2CD02954404000056B75 /* CharacterViewModel.swift */; };
		E0EA2D062954404000056B75 /* LocationViewModel.swift in Sources */ = {isa = PBXBuildFile; fileRef = E0EA2CD12954404000056B75 /* LocationViewModel.swift */; };
		E0EA2D072954404000056B75 /* EpisodesViewModel.swift in Sources */ = {isa = PBXBuildFile; fileRef = E0EA2CD22954404000056B75 /* EpisodesViewModel.swift */; };
		E0EA2D082954404000056B75 /* EpisodesDataModel.swift in Sources */ = {isa = PBXBuildFile; fileRef = E0EA2CD42954404000056B75 /* EpisodesDataModel.swift */; };
		E0EA2D092954404000056B75 /* LocationDataModel.swift in Sources */ = {isa = PBXBuildFile; fileRef = E0EA2CD52954404000056B75 /* LocationDataModel.swift */; };
		E0EA2D0A2954404000056B75 /* CharacterList.swift in Sources */ = {isa = PBXBuildFile; fileRef = E0EA2CD62954404000056B75 /* CharacterList.swift */; };
		E0EA2D0B2954404000056B75 /* CommonUtils.swift in Sources */ = {isa = PBXBuildFile; fileRef = E0EA2CD82954404000056B75 /* CommonUtils.swift */; };
		E0EA2D0C2954404000056B75 /* BaseURLServerRouterType.swift in Sources */ = {isa = PBXBuildFile; fileRef = E0EA2CDA2954404000056B75 /* BaseURLServerRouterType.swift */; };
		E0EA2D0D2954404000056B75 /* HTTPTask.swift in Sources */ = {isa = PBXBuildFile; fileRef = E0EA2CDB2954404000056B75 /* HTTPTask.swift */; };
		E0EA2D0E2954404000056B75 /* ServerRouterType.swift in Sources */ = {isa = PBXBuildFile; fileRef = E0EA2CDC2954404000056B75 /* ServerRouterType.swift */; };
		E0EA2D0F2954404000056B75 /* BaseNetworkRouter.swift in Sources */ = {isa = PBXBuildFile; fileRef = E0EA2CDD2954404000056B75 /* BaseNetworkRouter.swift */; };
		E0EA2D102954404000056B75 /* NetworkManager.swift in Sources */ = {isa = PBXBuildFile; fileRef = E0EA2CDE2954404000056B75 /* NetworkManager.swift */; };
		E0EA2D112954404000056B75 /* ParameterEncoding.swift in Sources */ = {isa = PBXBuildFile; fileRef = E0EA2CE02954404000056B75 /* ParameterEncoding.swift */; };
		E0EA2D122954404000056B75 /* HTTPMethod.swift in Sources */ = {isa = PBXBuildFile; fileRef = E0EA2CE12954404000056B75 /* HTTPMethod.swift */; };
		E0EA2D132954404000056B75 /* NetworkReachability.swift in Sources */ = {isa = PBXBuildFile; fileRef = E0EA2CE22954404000056B75 /* NetworkReachability.swift */; };
		E0EA2D142954404000056B75 /* ServerLogs.swift in Sources */ = {isa = PBXBuildFile; fileRef = E0EA2CE32954404000056B75 /* ServerLogs.swift */; };
		E0EA2D152954404000056B75 /* SF-Pro-Rounded-Black.ttf in Resources */ = {isa = PBXBuildFile; fileRef = E0EA2CE52954404000056B75 /* SF-Pro-Rounded-Black.ttf */; };
		E0EA2D162954404000056B75 /* SF-Pro-Rounded-Semibold.ttf in Resources */ = {isa = PBXBuildFile; fileRef = E0EA2CE62954404000056B75 /* SF-Pro-Rounded-Semibold.ttf */; };
		E0EA2D172954404000056B75 /* SF-Pro-Rounded-Regular.ttf in Resources */ = {isa = PBXBuildFile; fileRef = E0EA2CE72954404000056B75 /* SF-Pro-Rounded-Regular.ttf */; };
		E0EA2D182954404000056B75 /* SF-Pro-Rounded-Ultralight.ttf in Resources */ = {isa = PBXBuildFile; fileRef = E0EA2CE82954404000056B75 /* SF-Pro-Rounded-Ultralight.ttf */; };
		E0EA2D192954404000056B75 /* SF-Pro-Rounded-Heavy.ttf in Resources */ = {isa = PBXBuildFile; fileRef = E0EA2CE92954404000056B75 /* SF-Pro-Rounded-Heavy.ttf */; };
		E0EA2D1A2954404000056B75 /* SF-Pro-Rounded-Bold.ttf in Resources */ = {isa = PBXBuildFile; fileRef = E0EA2CEA2954404000056B75 /* SF-Pro-Rounded-Bold.ttf */; };
		E0EA2D1B2954404000056B75 /* SF-Pro-Rounded-Thin.ttf in Resources */ = {isa = PBXBuildFile; fileRef = E0EA2CEB2954404000056B75 /* SF-Pro-Rounded-Thin.ttf */; };
		E0EA2D1C2954404000056B75 /* SF-Pro-Rounded-Medium.ttf in Resources */ = {isa = PBXBuildFile; fileRef = E0EA2CEC2954404000056B75 /* SF-Pro-Rounded-Medium.ttf */; };
		E0EA2D1D2954404000056B75 /* SF-Pro-Rounded-Light.ttf in Resources */ = {isa = PBXBuildFile; fileRef = E0EA2CED2954404000056B75 /* SF-Pro-Rounded-Light.ttf */; };
		E0EA2D1E2954404000056B75 /* UIImageView+Extension.swift in Sources */ = {isa = PBXBuildFile; fileRef = E0EA2CEF2954404000056B75 /* UIImageView+Extension.swift */; };
		E0EA2D1F2954404000056B75 /* UIView+Extensions.swift in Sources */ = {isa = PBXBuildFile; fileRef = E0EA2CF02954404000056B75 /* UIView+Extensions.swift */; };
		E0EA2D202954404000056B75 /* UICollectionReusableView+Extension.swift in Sources */ = {isa = PBXBuildFile; fileRef = E0EA2CF12954404000056B75 /* UICollectionReusableView+Extension.swift */; };
/* End PBXBuildFile section */

/* Begin PBXContainerItemProxy section */
		E0E7C0C0294AFD9800F7258D /* PBXContainerItemProxy */ = {
			isa = PBXContainerItemProxy;
			containerPortal = E0E7C0A1294AFD9600F7258D /* Project object */;
			proxyType = 1;
			remoteGlobalIDString = E0E7C0A8294AFD9600F7258D;
			remoteInfo = GetGoTestApp;
		};
		E0E7C0CA294AFD9800F7258D /* PBXContainerItemProxy */ = {
			isa = PBXContainerItemProxy;
			containerPortal = E0E7C0A1294AFD9600F7258D /* Project object */;
			proxyType = 1;
			remoteGlobalIDString = E0E7C0A8294AFD9600F7258D;
			remoteInfo = GetGoTestApp;
		};
/* End PBXContainerItemProxy section */

/* Begin PBXFileReference section */
		0E78EEB285467343337AF611 /* Pods-GetGoTestAppTests.debug.xcconfig */ = {isa = PBXFileReference; includeInIndex = 1; lastKnownFileType = text.xcconfig; name = "Pods-GetGoTestAppTests.debug.xcconfig"; path = "Target Support Files/Pods-GetGoTestAppTests/Pods-GetGoTestAppTests.debug.xcconfig"; sourceTree = "<group>"; };
		286370A65E11079338171702 /* Pods-GetGoTestApp-GetGoTestAppUITests.release.xcconfig */ = {isa = PBXFileReference; includeInIndex = 1; lastKnownFileType = text.xcconfig; name = "Pods-GetGoTestApp-GetGoTestAppUITests.release.xcconfig"; path = "Target Support Files/Pods-GetGoTestApp-GetGoTestAppUITests/Pods-GetGoTestApp-GetGoTestAppUITests.release.xcconfig"; sourceTree = "<group>"; };
		2A90323B214C7A81A5CB8A1B /* Pods_GetGoTestApp.framework */ = {isa = PBXFileReference; explicitFileType = wrapper.framework; includeInIndex = 0; path = Pods_GetGoTestApp.framework; sourceTree = BUILT_PRODUCTS_DIR; };
		2D97D13C9656C9A0403D6148 /* Pods-GetGoTestAppTests.release.xcconfig */ = {isa = PBXFileReference; includeInIndex = 1; lastKnownFileType = text.xcconfig; name = "Pods-GetGoTestAppTests.release.xcconfig"; path = "Target Support Files/Pods-GetGoTestAppTests/Pods-GetGoTestAppTests.release.xcconfig"; sourceTree = "<group>"; };
		52B43B25676BE36C972ADE4F /* Pods_GetGoTestAppTests.framework */ = {isa = PBXFileReference; explicitFileType = wrapper.framework; includeInIndex = 0; path = Pods_GetGoTestAppTests.framework; sourceTree = BUILT_PRODUCTS_DIR; };
		66C02935352F119243C46636 /* Pods-GetGoTestApp.release.xcconfig */ = {isa = PBXFileReference; includeInIndex = 1; lastKnownFileType = text.xcconfig; name = "Pods-GetGoTestApp.release.xcconfig"; path = "Target Support Files/Pods-GetGoTestApp/Pods-GetGoTestApp.release.xcconfig"; sourceTree = "<group>"; };
		990E9BFB3D7E3CADCC7A64E3 /* Pods-GetGoTestApp.debug.xcconfig */ = {isa = PBXFileReference; includeInIndex = 1; lastKnownFileType = text.xcconfig; name = "Pods-GetGoTestApp.debug.xcconfig"; path = "Target Support Files/Pods-GetGoTestApp/Pods-GetGoTestApp.debug.xcconfig"; sourceTree = "<group>"; };
		B535F405DE49D22DBA06187A /* Pods_GetGoTestApp_GetGoTestAppUITests.framework */ = {isa = PBXFileReference; explicitFileType = wrapper.framework; includeInIndex = 0; path = Pods_GetGoTestApp_GetGoTestAppUITests.framework; sourceTree = BUILT_PRODUCTS_DIR; };
		E04519D82952D25700F9AB09 /* CharacterViewControllerUITests.swift */ = {isa = PBXFileReference; lastKnownFileType = sourcecode.swift; path = CharacterViewControllerUITests.swift; sourceTree = "<group>"; };
		E04519DA2952DA2A00F9AB09 /* LocationViewControllerUITests.swift */ = {isa = PBXFileReference; lastKnownFileType = sourcecode.swift; path = LocationViewControllerUITests.swift; sourceTree = "<group>"; };
		E04519DC2952F8AE00F9AB09 /* FilterViewController.swift */ = {isa = PBXFileReference; lastKnownFileType = sourcecode.swift; path = FilterViewController.swift; sourceTree = "<group>"; };
		E06AF75129546636001895C9 /* CollectionHeaderView.swift */ = {isa = PBXFileReference; fileEncoding = 4; lastKnownFileType = sourcecode.swift; path = CollectionHeaderView.swift; sourceTree = "<group>"; };
		E06AF75329546636001895C9 /* ContainerBottomSheetView.swift */ = {isa = PBXFileReference; fileEncoding = 4; lastKnownFileType = sourcecode.swift; path = ContainerBottomSheetView.swift; sourceTree = "<group>"; };
		E06AF75A29546D32001895C9 /* SheetTransition.swift */ = {isa = PBXFileReference; fileEncoding = 4; lastKnownFileType = sourcecode.swift; path = SheetTransition.swift; sourceTree = "<group>"; };
		E06AF75B29546D32001895C9 /* SheetTransitioningDelegate.swift */ = {isa = PBXFileReference; fileEncoding = 4; lastKnownFileType = sourcecode.swift; path = SheetTransitioningDelegate.swift; sourceTree = "<group>"; };
		E06AF75C29546D32001895C9 /* SheetPresentationController.swift */ = {isa = PBXFileReference; fileEncoding = 4; lastKnownFileType = sourcecode.swift; path = SheetPresentationController.swift; sourceTree = "<group>"; };
		E06AF7602955A779001895C9 /* EpisodeViewControllerUITests.swift */ = {isa = PBXFileReference; lastKnownFileType = sourcecode.swift; path = EpisodeViewControllerUITests.swift; sourceTree = "<group>"; };
		E06AF7622955B2A4001895C9 /* CharacterViewControllerTests.swift */ = {isa = PBXFileReference; lastKnownFileType = sourcecode.swift; path = CharacterViewControllerTests.swift; sourceTree = "<group>"; };
		E06AF7642956D0C8001895C9 /* URLSessionMock.swift */ = {isa = PBXFileReference; fileEncoding = 4; lastKnownFileType = sourcecode.swift; path = URLSessionMock.swift; sourceTree = "<group>"; };
		E0774CD2295013CD00149BDB /* CharacterDetailViewController.swift */ = {isa = PBXFileReference; lastKnownFileType = sourcecode.swift; path = CharacterDetailViewController.swift; sourceTree = "<group>"; };
		E0AC70B4294B163A0083C97F /* LocationViewController.swift */ = {isa = PBXFileReference; fileEncoding = 4; lastKnownFileType = sourcecode.swift; path = LocationViewController.swift; sourceTree = "<group>"; };
		E0AC70B5294B163A0083C97F /* MainTabBarController.swift */ = {isa = PBXFileReference; fileEncoding = 4; lastKnownFileType = sourcecode.swift; path = MainTabBarController.swift; sourceTree = "<group>"; };
		E0AC70B6294B163A0083C97F /* EpisodesViewController.swift */ = {isa = PBXFileReference; fileEncoding = 4; lastKnownFileType = sourcecode.swift; path = EpisodesViewController.swift; sourceTree = "<group>"; };
		E0AC70B7294B163A0083C97F /* CharacterViewController.swift */ = {isa = PBXFileReference; fileEncoding = 4; lastKnownFileType = sourcecode.swift; path = CharacterViewController.swift; sourceTree = "<group>"; };
		E0B5F8D72951A743007098C5 /* LocationDetailViewController.swift */ = {isa = PBXFileReference; lastKnownFileType = sourcecode.swift; path = LocationDetailViewController.swift; sourceTree = "<group>"; };
		E0B5F8DD2951C066007098C5 /* EpisodeDetailViewController.swift */ = {isa = PBXFileReference; lastKnownFileType = sourcecode.swift; path = EpisodeDetailViewController.swift; sourceTree = "<group>"; };
		E0E7C0A9294AFD9600F7258D /* GetGoTestApp.app */ = {isa = PBXFileReference; explicitFileType = wrapper.application; includeInIndex = 0; path = GetGoTestApp.app; sourceTree = BUILT_PRODUCTS_DIR; };
		E0E7C0AC294AFD9600F7258D /* AppDelegate.swift */ = {isa = PBXFileReference; lastKnownFileType = sourcecode.swift; path = AppDelegate.swift; sourceTree = "<group>"; };
		E0E7C0AE294AFD9600F7258D /* SceneDelegate.swift */ = {isa = PBXFileReference; lastKnownFileType = sourcecode.swift; path = SceneDelegate.swift; sourceTree = "<group>"; };
		E0E7C0B3294AFD9600F7258D /* Base */ = {isa = PBXFileReference; lastKnownFileType = file.storyboard; name = Base; path = Base.lproj/Main.storyboard; sourceTree = "<group>"; };
		E0E7C0B5294AFD9800F7258D /* Assets.xcassets */ = {isa = PBXFileReference; lastKnownFileType = folder.assetcatalog; path = Assets.xcassets; sourceTree = "<group>"; };
		E0E7C0B8294AFD9800F7258D /* Base */ = {isa = PBXFileReference; lastKnownFileType = file.storyboard; name = Base; path = Base.lproj/LaunchScreen.storyboard; sourceTree = "<group>"; };
		E0E7C0BA294AFD9800F7258D /* Info.plist */ = {isa = PBXFileReference; lastKnownFileType = text.plist.xml; path = Info.plist; sourceTree = "<group>"; };
		E0E7C0BF294AFD9800F7258D /* GetGoTestAppTests.xctest */ = {isa = PBXFileReference; explicitFileType = wrapper.cfbundle; includeInIndex = 0; path = GetGoTestAppTests.xctest; sourceTree = BUILT_PRODUCTS_DIR; };
		E0E7C0C3294AFD9800F7258D /* GetGoTestAppTests.swift */ = {isa = PBXFileReference; lastKnownFileType = sourcecode.swift; path = GetGoTestAppTests.swift; sourceTree = "<group>"; };
		E0E7C0C9294AFD9800F7258D /* GetGoTestAppUITests.xctest */ = {isa = PBXFileReference; explicitFileType = wrapper.cfbundle; includeInIndex = 0; path = GetGoTestAppUITests.xctest; sourceTree = BUILT_PRODUCTS_DIR; };
		E0E7C0CD294AFD9800F7258D /* GetGoTestAppUITests.swift */ = {isa = PBXFileReference; lastKnownFileType = sourcecode.swift; path = GetGoTestAppUITests.swift; sourceTree = "<group>"; };
		E0E7C0CF294AFD9800F7258D /* GetGoTestAppUITestsLaunchTests.swift */ = {isa = PBXFileReference; lastKnownFileType = sourcecode.swift; path = GetGoTestAppUITestsLaunchTests.swift; sourceTree = "<group>"; };
		E0EA2CBB2954404000056B75 /* MaterialLoader.swift */ = {isa = PBXFileReference; fileEncoding = 4; lastKnownFileType = sourcecode.swift; path = MaterialLoader.swift; sourceTree = "<group>"; };
		E0EA2CBC2954404000056B75 /* EpisodesFeedCell.swift */ = {isa = PBXFileReference; fileEncoding = 4; lastKnownFileType = sourcecode.swift; path = EpisodesFeedCell.swift; sourceTree = "<group>"; };
		E0EA2CBD2954404000056B75 /* CharacterDetailFeedCell.xib */ = {isa = PBXFileReference; fileEncoding = 4; lastKnownFileType = file.xib; path = CharacterDetailFeedCell.xib; sourceTree = "<group>"; };
		E0EA2CBE2954404000056B75 /* CommonLinkFeedCell.xib */ = {isa = PBXFileReference; fileEncoding = 4; lastKnownFileType = file.xib; path = CommonLinkFeedCell.xib; sourceTree = "<group>"; };
		E0EA2CBF2954404000056B75 /* EpisodesFeedCell.xib */ = {isa = PBXFileReference; fileEncoding = 4; lastKnownFileType = file.xib; path = EpisodesFeedCell.xib; sourceTree = "<group>"; };
		E0EA2CC02954404000056B75 /* CharacterFeedCell.xib */ = {isa = PBXFileReference; fileEncoding = 4; lastKnownFileType = file.xib; path = CharacterFeedCell.xib; sourceTree = "<group>"; };
		E0EA2CC12954404000056B75 /* LocationDetailFeedCell.xib */ = {isa = PBXFileReference; fileEncoding = 4; lastKnownFileType = file.xib; path = LocationDetailFeedCell.xib; sourceTree = "<group>"; };
		E0EA2CC22954404000056B75 /* CharacterDetailFeedCell.swift */ = {isa = PBXFileReference; fileEncoding = 4; lastKnownFileType = sourcecode.swift; path = CharacterDetailFeedCell.swift; sourceTree = "<group>"; };
		E0EA2CC32954404000056B75 /* LocationDetailFeedCell.swift */ = {isa = PBXFileReference; fileEncoding = 4; lastKnownFileType = sourcecode.swift; path = LocationDetailFeedCell.swift; sourceTree = "<group>"; };
		E0EA2CC42954404000056B75 /* FilterCharacterTagCell.xib */ = {isa = PBXFileReference; fileEncoding = 4; lastKnownFileType = file.xib; path = FilterCharacterTagCell.xib; sourceTree = "<group>"; };
		E0EA2CC52954404000056B75 /* EpisodeDetailFeedCell.swift */ = {isa = PBXFileReference; fileEncoding = 4; lastKnownFileType = sourcecode.swift; path = EpisodeDetailFeedCell.swift; sourceTree = "<group>"; };
		E0EA2CC62954404000056B75 /* CharacterFeedCell.swift */ = {isa = PBXFileReference; fileEncoding = 4; lastKnownFileType = sourcecode.swift; path = CharacterFeedCell.swift; sourceTree = "<group>"; };
		E0EA2CC72954404000056B75 /* FilterCharacterTagCell.swift */ = {isa = PBXFileReference; fileEncoding = 4; lastKnownFileType = sourcecode.swift; path = FilterCharacterTagCell.swift; sourceTree = "<group>"; };
		E0EA2CC82954404000056B75 /* EpisodeDetailFeedCell.xib */ = {isa = PBXFileReference; fileEncoding = 4; lastKnownFileType = file.xib; path = EpisodeDetailFeedCell.xib; sourceTree = "<group>"; };
		E0EA2CC92954404000056B75 /* LocationFeedCell.swift */ = {isa = PBXFileReference; fileEncoding = 4; lastKnownFileType = sourcecode.swift; path = LocationFeedCell.swift; sourceTree = "<group>"; };
		E0EA2CCA2954404000056B75 /* LocationFeedCell.xib */ = {isa = PBXFileReference; fileEncoding = 4; lastKnownFileType = file.xib; path = LocationFeedCell.xib; sourceTree = "<group>"; };
		E0EA2CCB2954404000056B75 /* CommonLinkFeedCell.swift */ = {isa = PBXFileReference; fileEncoding = 4; lastKnownFileType = sourcecode.swift; path = CommonLinkFeedCell.swift; sourceTree = "<group>"; };
		E0EA2CD02954404000056B75 /* CharacterViewModel.swift */ = {isa = PBXFileReference; fileEncoding = 4; lastKnownFileType = sourcecode.swift; path = CharacterViewModel.swift; sourceTree = "<group>"; };
		E0EA2CD12954404000056B75 /* LocationViewModel.swift */ = {isa = PBXFileReference; fileEncoding = 4; lastKnownFileType = sourcecode.swift; path = LocationViewModel.swift; sourceTree = "<group>"; };
		E0EA2CD22954404000056B75 /* EpisodesViewModel.swift */ = {isa = PBXFileReference; fileEncoding = 4; lastKnownFileType = sourcecode.swift; path = EpisodesViewModel.swift; sourceTree = "<group>"; };
		E0EA2CD42954404000056B75 /* EpisodesDataModel.swift */ = {isa = PBXFileReference; fileEncoding = 4; lastKnownFileType = sourcecode.swift; path = EpisodesDataModel.swift; sourceTree = "<group>"; };
		E0EA2CD52954404000056B75 /* LocationDataModel.swift */ = {isa = PBXFileReference; fileEncoding = 4; lastKnownFileType = sourcecode.swift; path = LocationDataModel.swift; sourceTree = "<group>"; };
		E0EA2CD62954404000056B75 /* CharacterList.swift */ = {isa = PBXFileReference; fileEncoding = 4; lastKnownFileType = sourcecode.swift; path = CharacterList.swift; sourceTree = "<group>"; };
		E0EA2CD82954404000056B75 /* CommonUtils.swift */ = {isa = PBXFileReference; fileEncoding = 4; lastKnownFileType = sourcecode.swift; path = CommonUtils.swift; sourceTree = "<group>"; };
		E0EA2CDA2954404000056B75 /* BaseURLServerRouterType.swift */ = {isa = PBXFileReference; fileEncoding = 4; lastKnownFileType = sourcecode.swift; path = BaseURLServerRouterType.swift; sourceTree = "<group>"; };
		E0EA2CDB2954404000056B75 /* HTTPTask.swift */ = {isa = PBXFileReference; fileEncoding = 4; lastKnownFileType = sourcecode.swift; path = HTTPTask.swift; sourceTree = "<group>"; };
		E0EA2CDC2954404000056B75 /* ServerRouterType.swift */ = {isa = PBXFileReference; fileEncoding = 4; lastKnownFileType = sourcecode.swift; path = ServerRouterType.swift; sourceTree = "<group>"; };
		E0EA2CDD2954404000056B75 /* BaseNetworkRouter.swift */ = {isa = PBXFileReference; fileEncoding = 4; lastKnownFileType = sourcecode.swift; path = BaseNetworkRouter.swift; sourceTree = "<group>"; };
		E0EA2CDE2954404000056B75 /* NetworkManager.swift */ = {isa = PBXFileReference; fileEncoding = 4; lastKnownFileType = sourcecode.swift; path = NetworkManager.swift; sourceTree = "<group>"; };
		E0EA2CE02954404000056B75 /* ParameterEncoding.swift */ = {isa = PBXFileReference; fileEncoding = 4; lastKnownFileType = sourcecode.swift; path = ParameterEncoding.swift; sourceTree = "<group>"; };
		E0EA2CE12954404000056B75 /* HTTPMethod.swift */ = {isa = PBXFileReference; fileEncoding = 4; lastKnownFileType = sourcecode.swift; path = HTTPMethod.swift; sourceTree = "<group>"; };
		E0EA2CE22954404000056B75 /* NetworkReachability.swift */ = {isa = PBXFileReference; fileEncoding = 4; lastKnownFileType = sourcecode.swift; path = NetworkReachability.swift; sourceTree = "<group>"; };
		E0EA2CE32954404000056B75 /* ServerLogs.swift */ = {isa = PBXFileReference; fileEncoding = 4; lastKnownFileType = sourcecode.swift; path = ServerLogs.swift; sourceTree = "<group>"; };
		E0EA2CE52954404000056B75 /* SF-Pro-Rounded-Black.ttf */ = {isa = PBXFileReference; lastKnownFileType = file; path = "SF-Pro-Rounded-Black.ttf"; sourceTree = "<group>"; };
		E0EA2CE62954404000056B75 /* SF-Pro-Rounded-Semibold.ttf */ = {isa = PBXFileReference; lastKnownFileType = file; path = "SF-Pro-Rounded-Semibold.ttf"; sourceTree = "<group>"; };
		E0EA2CE72954404000056B75 /* SF-Pro-Rounded-Regular.ttf */ = {isa = PBXFileReference; lastKnownFileType = file; path = "SF-Pro-Rounded-Regular.ttf"; sourceTree = "<group>"; };
		E0EA2CE82954404000056B75 /* SF-Pro-Rounded-Ultralight.ttf */ = {isa = PBXFileReference; lastKnownFileType = file; path = "SF-Pro-Rounded-Ultralight.ttf"; sourceTree = "<group>"; };
		E0EA2CE92954404000056B75 /* SF-Pro-Rounded-Heavy.ttf */ = {isa = PBXFileReference; lastKnownFileType = file; path = "SF-Pro-Rounded-Heavy.ttf"; sourceTree = "<group>"; };
		E0EA2CEA2954404000056B75 /* SF-Pro-Rounded-Bold.ttf */ = {isa = PBXFileReference; lastKnownFileType = file; path = "SF-Pro-Rounded-Bold.ttf"; sourceTree = "<group>"; };
		E0EA2CEB2954404000056B75 /* SF-Pro-Rounded-Thin.ttf */ = {isa = PBXFileReference; lastKnownFileType = file; path = "SF-Pro-Rounded-Thin.ttf"; sourceTree = "<group>"; };
		E0EA2CEC2954404000056B75 /* SF-Pro-Rounded-Medium.ttf */ = {isa = PBXFileReference; lastKnownFileType = file; path = "SF-Pro-Rounded-Medium.ttf"; sourceTree = "<group>"; };
		E0EA2CED2954404000056B75 /* SF-Pro-Rounded-Light.ttf */ = {isa = PBXFileReference; lastKnownFileType = file; path = "SF-Pro-Rounded-Light.ttf"; sourceTree = "<group>"; };
		E0EA2CEF2954404000056B75 /* UIImageView+Extension.swift */ = {isa = PBXFileReference; fileEncoding = 4; lastKnownFileType = sourcecode.swift; path = "UIImageView+Extension.swift"; sourceTree = "<group>"; };
		E0EA2CF02954404000056B75 /* UIView+Extensions.swift */ = {isa = PBXFileReference; fileEncoding = 4; lastKnownFileType = sourcecode.swift; path = "UIView+Extensions.swift"; sourceTree = "<group>"; };
		E0EA2CF12954404000056B75 /* UICollectionReusableView+Extension.swift */ = {isa = PBXFileReference; fileEncoding = 4; lastKnownFileType = sourcecode.swift; path = "UICollectionReusableView+Extension.swift"; sourceTree = "<group>"; };
		F8D44701EAF9BEF38DE4E48A /* Pods-GetGoTestApp-GetGoTestAppUITests.debug.xcconfig */ = {isa = PBXFileReference; includeInIndex = 1; lastKnownFileType = text.xcconfig; name = "Pods-GetGoTestApp-GetGoTestAppUITests.debug.xcconfig"; path = "Target Support Files/Pods-GetGoTestApp-GetGoTestAppUITests/Pods-GetGoTestApp-GetGoTestAppUITests.debug.xcconfig"; sourceTree = "<group>"; };
/* End PBXFileReference section */

/* Begin PBXFrameworksBuildPhase section */
		E0E7C0A6294AFD9600F7258D /* Frameworks */ = {
			isa = PBXFrameworksBuildPhase;
			buildActionMask = 2147483647;
			files = (
				5C7750DABD3E9B784E47CFF0 /* Pods_GetGoTestApp.framework in Frameworks */,
			);
			runOnlyForDeploymentPostprocessing = 0;
		};
		E0E7C0BC294AFD9800F7258D /* Frameworks */ = {
			isa = PBXFrameworksBuildPhase;
			buildActionMask = 2147483647;
			files = (
				73C295B8D17771C6172C8370 /* Pods_GetGoTestAppTests.framework in Frameworks */,
			);
			runOnlyForDeploymentPostprocessing = 0;
		};
		E0E7C0C6294AFD9800F7258D /* Frameworks */ = {
			isa = PBXFrameworksBuildPhase;
			buildActionMask = 2147483647;
			files = (
				39D19707CAB83516E9CDD0C5 /* Pods_GetGoTestApp_GetGoTestAppUITests.framework in Frameworks */,
			);
			runOnlyForDeploymentPostprocessing = 0;
		};
/* End PBXFrameworksBuildPhase section */

/* Begin PBXGroup section */
		2CFB0FC069595C4C60EC4A86 /* Pods */ = {
			isa = PBXGroup;
			children = (
				990E9BFB3D7E3CADCC7A64E3 /* Pods-GetGoTestApp.debug.xcconfig */,
				66C02935352F119243C46636 /* Pods-GetGoTestApp.release.xcconfig */,
				F8D44701EAF9BEF38DE4E48A /* Pods-GetGoTestApp-GetGoTestAppUITests.debug.xcconfig */,
				286370A65E11079338171702 /* Pods-GetGoTestApp-GetGoTestAppUITests.release.xcconfig */,
				0E78EEB285467343337AF611 /* Pods-GetGoTestAppTests.debug.xcconfig */,
				2D97D13C9656C9A0403D6148 /* Pods-GetGoTestAppTests.release.xcconfig */,
			);
			path = Pods;
			sourceTree = "<group>";
		};
		6EDA30061E9DC5E86A2B8310 /* Frameworks */ = {
			isa = PBXGroup;
			children = (
				2A90323B214C7A81A5CB8A1B /* Pods_GetGoTestApp.framework */,
				B535F405DE49D22DBA06187A /* Pods_GetGoTestApp_GetGoTestAppUITests.framework */,
				52B43B25676BE36C972ADE4F /* Pods_GetGoTestAppTests.framework */,
			);
			name = Frameworks;
			sourceTree = "<group>";
		};
		E0AC70B3294B163A0083C97F /* ViewControllers */ = {
			isa = PBXGroup;
			children = (
				E0AC70B5294B163A0083C97F /* MainTabBarController.swift */,
				E0AC70B7294B163A0083C97F /* CharacterViewController.swift */,
				E0AC70B4294B163A0083C97F /* LocationViewController.swift */,
				E0AC70B6294B163A0083C97F /* EpisodesViewController.swift */,
				E0774CD2295013CD00149BDB /* CharacterDetailViewController.swift */,
				E0B5F8D72951A743007098C5 /* LocationDetailViewController.swift */,
				E0B5F8DD2951C066007098C5 /* EpisodeDetailViewController.swift */,
				E04519DC2952F8AE00F9AB09 /* FilterViewController.swift */,
			);
			path = ViewControllers;
			sourceTree = "<group>";
		};
		E0E7C0A0294AFD9600F7258D = {
			isa = PBXGroup;
			children = (
				E0E7C0AB294AFD9600F7258D /* GetGoTestApp */,
				E0E7C0C2294AFD9800F7258D /* GetGoTestAppTests */,
				E0E7C0CC294AFD9800F7258D /* GetGoTestAppUITests */,
				E0E7C0AA294AFD9600F7258D /* Products */,
				2CFB0FC069595C4C60EC4A86 /* Pods */,
				6EDA30061E9DC5E86A2B8310 /* Frameworks */,
			);
			sourceTree = "<group>";
		};
		E0E7C0AA294AFD9600F7258D /* Products */ = {
			isa = PBXGroup;
			children = (
				E0E7C0A9294AFD9600F7258D /* GetGoTestApp.app */,
				E0E7C0BF294AFD9800F7258D /* GetGoTestAppTests.xctest */,
				E0E7C0C9294AFD9800F7258D /* GetGoTestAppUITests.xctest */,
			);
			name = Products;
			sourceTree = "<group>";
		};
		E0E7C0AB294AFD9600F7258D /* GetGoTestApp */ = {
			isa = PBXGroup;
			children = (
				E0EA2CD32954404000056B75 /* DataModel */,
				E0EA2CEE2954404000056B75 /* Extentions */,
				E0EA2CE42954404000056B75 /* Fonts */,
				E0EA2CD72954404000056B75 /* Helpers */,
				E0EA2CD92954404000056B75 /* NetworkLayer */,
				E0EA2CBA2954404000056B75 /* UIComponents */,
				E0EA2CCF2954404000056B75 /* ViewModel */,
				E0AC70B3294B163A0083C97F /* ViewControllers */,
				E0E7C0AC294AFD9600F7258D /* AppDelegate.swift */,
				E0E7C0AE294AFD9600F7258D /* SceneDelegate.swift */,
				E0E7C0B2294AFD9600F7258D /* Main.storyboard */,
				E0E7C0B5294AFD9800F7258D /* Assets.xcassets */,
				E0E7C0B7294AFD9800F7258D /* LaunchScreen.storyboard */,
				E0E7C0BA294AFD9800F7258D /* Info.plist */,
			);
			path = GetGoTestApp;
			sourceTree = "<group>";
		};
		E0E7C0C2294AFD9800F7258D /* GetGoTestAppTests */ = {
			isa = PBXGroup;
			children = (
				E06AF7642956D0C8001895C9 /* URLSessionMock.swift */,
				E0E7C0C3294AFD9800F7258D /* GetGoTestAppTests.swift */,
				E06AF7622955B2A4001895C9 /* CharacterViewControllerTests.swift */,
			);
			path = GetGoTestAppTests;
			sourceTree = "<group>";
		};
		E0E7C0CC294AFD9800F7258D /* GetGoTestAppUITests */ = {
			isa = PBXGroup;
			children = (
				E0E7C0CD294AFD9800F7258D /* GetGoTestAppUITests.swift */,
				E04519D82952D25700F9AB09 /* CharacterViewControllerUITests.swift */,
				E04519DA2952DA2A00F9AB09 /* LocationViewControllerUITests.swift */,
				E06AF7602955A779001895C9 /* EpisodeViewControllerUITests.swift */,
				E0E7C0CF294AFD9800F7258D /* GetGoTestAppUITestsLaunchTests.swift */,
			);
			path = GetGoTestAppUITests;
			sourceTree = "<group>";
		};
		E0EA2CBA2954404000056B75 /* UIComponents */ = {
			isa = PBXGroup;
			children = (
				E0EA2CBB2954404000056B75 /* MaterialLoader.swift */,
				E0EA2CC22954404000056B75 /* CharacterDetailFeedCell.swift */,
				E0EA2CBD2954404000056B75 /* CharacterDetailFeedCell.xib */,
				E0EA2CCB2954404000056B75 /* CommonLinkFeedCell.swift */,
				E0EA2CBE2954404000056B75 /* CommonLinkFeedCell.xib */,
				E0EA2CBC2954404000056B75 /* EpisodesFeedCell.swift */,
				E0EA2CBF2954404000056B75 /* EpisodesFeedCell.xib */,
				E0EA2CC62954404000056B75 /* CharacterFeedCell.swift */,
				E0EA2CC02954404000056B75 /* CharacterFeedCell.xib */,
				E0EA2CC32954404000056B75 /* LocationDetailFeedCell.swift */,
				E0EA2CC12954404000056B75 /* LocationDetailFeedCell.xib */,
				E0EA2CC72954404000056B75 /* FilterCharacterTagCell.swift */,
				E0EA2CC42954404000056B75 /* FilterCharacterTagCell.xib */,
				E0EA2CC52954404000056B75 /* EpisodeDetailFeedCell.swift */,
				E0EA2CC82954404000056B75 /* EpisodeDetailFeedCell.xib */,
				E0EA2CC92954404000056B75 /* LocationFeedCell.swift */,
				E0EA2CCA2954404000056B75 /* LocationFeedCell.xib */,
				E0EA2CCC2954404000056B75 /* BottomSheetUI */,
			);
			path = UIComponents;
			sourceTree = "<group>";
		};
		E0EA2CCC2954404000056B75 /* BottomSheetUI */ = {
			isa = PBXGroup;
			children = (
				E06AF75C29546D32001895C9 /* SheetPresentationController.swift */,
				E06AF75A29546D32001895C9 /* SheetTransition.swift */,
				E06AF75B29546D32001895C9 /* SheetTransitioningDelegate.swift */,
				E06AF75129546636001895C9 /* CollectionHeaderView.swift */,
				E06AF75329546636001895C9 /* ContainerBottomSheetView.swift */,
			);
			path = BottomSheetUI;
			sourceTree = "<group>";
		};
		E0EA2CCF2954404000056B75 /* ViewModel */ = {
			isa = PBXGroup;
			children = (
				E0EA2CD02954404000056B75 /* CharacterViewModel.swift */,
				E0EA2CD12954404000056B75 /* LocationViewModel.swift */,
				E0EA2CD22954404000056B75 /* EpisodesViewModel.swift */,
			);
			path = ViewModel;
			sourceTree = "<group>";
		};
		E0EA2CD32954404000056B75 /* DataModel */ = {
			isa = PBXGroup;
			children = (
				E0EA2CD42954404000056B75 /* EpisodesDataModel.swift */,
				E0EA2CD52954404000056B75 /* LocationDataModel.swift */,
				E0EA2CD62954404000056B75 /* CharacterList.swift */,
			);
			path = DataModel;
			sourceTree = "<group>";
		};
		E0EA2CD72954404000056B75 /* Helpers */ = {
			isa = PBXGroup;
			children = (
				E0EA2CD82954404000056B75 /* CommonUtils.swift */,
			);
			path = Helpers;
			sourceTree = "<group>";
		};
		E0EA2CD92954404000056B75 /* NetworkLayer */ = {
			isa = PBXGroup;
			children = (
				E0EA2CDA2954404000056B75 /* BaseURLServerRouterType.swift */,
				E0EA2CDB2954404000056B75 /* HTTPTask.swift */,
				E0EA2CDC2954404000056B75 /* ServerRouterType.swift */,
				E0EA2CDD2954404000056B75 /* BaseNetworkRouter.swift */,
				E0EA2CDE2954404000056B75 /* NetworkManager.swift */,
				E0EA2CDF2954404000056B75 /* Encoding */,
				E0EA2CE12954404000056B75 /* HTTPMethod.swift */,
				E0EA2CE22954404000056B75 /* NetworkReachability.swift */,
				E0EA2CE32954404000056B75 /* ServerLogs.swift */,
			);
			path = NetworkLayer;
			sourceTree = "<group>";
		};
		E0EA2CDF2954404000056B75 /* Encoding */ = {
			isa = PBXGroup;
			children = (
				E0EA2CE02954404000056B75 /* ParameterEncoding.swift */,
			);
			path = Encoding;
			sourceTree = "<group>";
		};
		E0EA2CE42954404000056B75 /* Fonts */ = {
			isa = PBXGroup;
			children = (
				E0EA2CE52954404000056B75 /* SF-Pro-Rounded-Black.ttf */,
				E0EA2CE62954404000056B75 /* SF-Pro-Rounded-Semibold.ttf */,
				E0EA2CE72954404000056B75 /* SF-Pro-Rounded-Regular.ttf */,
				E0EA2CE82954404000056B75 /* SF-Pro-Rounded-Ultralight.ttf */,
				E0EA2CE92954404000056B75 /* SF-Pro-Rounded-Heavy.ttf */,
				E0EA2CEA2954404000056B75 /* SF-Pro-Rounded-Bold.ttf */,
				E0EA2CEB2954404000056B75 /* SF-Pro-Rounded-Thin.ttf */,
				E0EA2CEC2954404000056B75 /* SF-Pro-Rounded-Medium.ttf */,
				E0EA2CED2954404000056B75 /* SF-Pro-Rounded-Light.ttf */,
			);
			path = Fonts;
			sourceTree = "<group>";
		};
		E0EA2CEE2954404000056B75 /* Extentions */ = {
			isa = PBXGroup;
			children = (
				E0EA2CEF2954404000056B75 /* UIImageView+Extension.swift */,
				E0EA2CF02954404000056B75 /* UIView+Extensions.swift */,
				E0EA2CF12954404000056B75 /* UICollectionReusableView+Extension.swift */,
			);
			path = Extentions;
			sourceTree = "<group>";
		};
/* End PBXGroup section */

/* Begin PBXNativeTarget section */
		E0E7C0A8294AFD9600F7258D /* GetGoTestApp */ = {
			isa = PBXNativeTarget;
			buildConfigurationList = E0E7C0D3294AFD9800F7258D /* Build configuration list for PBXNativeTarget "GetGoTestApp" */;
			buildPhases = (
				7931CF4694453F172B84FD68 /* [CP] Check Pods Manifest.lock */,
				E0E7C0A5294AFD9600F7258D /* Sources */,
				E0E7C0A6294AFD9600F7258D /* Frameworks */,
				E0E7C0A7294AFD9600F7258D /* Resources */,
				5CFD3D875C656E91AD71C6C6 /* [CP] Embed Pods Frameworks */,
			);
			buildRules = (
			);
			dependencies = (
			);
			name = GetGoTestApp;
			productName = GetGoTestApp;
			productReference = E0E7C0A9294AFD9600F7258D /* GetGoTestApp.app */;
			productType = "com.apple.product-type.application";
		};
		E0E7C0BE294AFD9800F7258D /* GetGoTestAppTests */ = {
			isa = PBXNativeTarget;
			buildConfigurationList = E0E7C0D6294AFD9800F7258D /* Build configuration list for PBXNativeTarget "GetGoTestAppTests" */;
			buildPhases = (
				DFEFE640BCF6B6D243DCDAE3 /* [CP] Check Pods Manifest.lock */,
				E0E7C0BB294AFD9800F7258D /* Sources */,
				E0E7C0BC294AFD9800F7258D /* Frameworks */,
				E0E7C0BD294AFD9800F7258D /* Resources */,
			);
			buildRules = (
			);
			dependencies = (
				E0E7C0C1294AFD9800F7258D /* PBXTargetDependency */,
			);
			name = GetGoTestAppTests;
			productName = GetGoTestAppTests;
			productReference = E0E7C0BF294AFD9800F7258D /* GetGoTestAppTests.xctest */;
			productType = "com.apple.product-type.bundle.unit-test";
		};
		E0E7C0C8294AFD9800F7258D /* GetGoTestAppUITests */ = {
			isa = PBXNativeTarget;
			buildConfigurationList = E0E7C0D9294AFD9800F7258D /* Build configuration list for PBXNativeTarget "GetGoTestAppUITests" */;
			buildPhases = (
				C6508EEF550132955936E87E /* [CP] Check Pods Manifest.lock */,
				E0E7C0C5294AFD9800F7258D /* Sources */,
				E0E7C0C6294AFD9800F7258D /* Frameworks */,
				E0E7C0C7294AFD9800F7258D /* Resources */,
				C9F33BCBDADE4BFA02358F7C /* [CP] Embed Pods Frameworks */,
			);
			buildRules = (
			);
			dependencies = (
				E0E7C0CB294AFD9800F7258D /* PBXTargetDependency */,
			);
			name = GetGoTestAppUITests;
			productName = GetGoTestAppUITests;
			productReference = E0E7C0C9294AFD9800F7258D /* GetGoTestAppUITests.xctest */;
			productType = "com.apple.product-type.bundle.ui-testing";
		};
/* End PBXNativeTarget section */

/* Begin PBXProject section */
		E0E7C0A1294AFD9600F7258D /* Project object */ = {
			isa = PBXProject;
			attributes = {
				BuildIndependentTargetsInParallel = 1;
				LastSwiftUpdateCheck = 1340;
				LastUpgradeCheck = 1340;
				TargetAttributes = {
					E0E7C0A8294AFD9600F7258D = {
						CreatedOnToolsVersion = 13.4.1;
					};
					E0E7C0BE294AFD9800F7258D = {
						CreatedOnToolsVersion = 13.4.1;
						TestTargetID = E0E7C0A8294AFD9600F7258D;
					};
					E0E7C0C8294AFD9800F7258D = {
						CreatedOnToolsVersion = 13.4.1;
						TestTargetID = E0E7C0A8294AFD9600F7258D;
					};
				};
			};
			buildConfigurationList = E0E7C0A4294AFD9600F7258D /* Build configuration list for PBXProject "GetGoTestApp" */;
			compatibilityVersion = "Xcode 13.0";
			developmentRegion = en;
			hasScannedForEncodings = 0;
			knownRegions = (
				en,
				Base,
			);
			mainGroup = E0E7C0A0294AFD9600F7258D;
			productRefGroup = E0E7C0AA294AFD9600F7258D /* Products */;
			projectDirPath = "";
			projectRoot = "";
			targets = (
				E0E7C0A8294AFD9600F7258D /* GetGoTestApp */,
				E0E7C0BE294AFD9800F7258D /* GetGoTestAppTests */,
				E0E7C0C8294AFD9800F7258D /* GetGoTestAppUITests */,
			);
		};
/* End PBXProject section */

/* Begin PBXResourcesBuildPhase section */
		E0E7C0A7294AFD9600F7258D /* Resources */ = {
			isa = PBXResourcesBuildPhase;
			buildActionMask = 2147483647;
			files = (
				E0EA2D1A2954404000056B75 /* SF-Pro-Rounded-Bold.ttf in Resources */,
				E0EA2CF52954404000056B75 /* CommonLinkFeedCell.xib in Resources */,
				E0EA2CF62954404000056B75 /* EpisodesFeedCell.xib in Resources */,
				E0EA2CFF2954404000056B75 /* EpisodeDetailFeedCell.xib in Resources */,
				E0EA2CFB2954404000056B75 /* FilterCharacterTagCell.xib in Resources */,
				E0EA2D012954404000056B75 /* LocationFeedCell.xib in Resources */,
				E0EA2D1B2954404000056B75 /* SF-Pro-Rounded-Thin.ttf in Resources */,
				E0EA2CF42954404000056B75 /* CharacterDetailFeedCell.xib in Resources */,
				E0EA2D1D2954404000056B75 /* SF-Pro-Rounded-Light.ttf in Resources */,
				E0EA2D172954404000056B75 /* SF-Pro-Rounded-Regular.ttf in Resources */,
				E0EA2D152954404000056B75 /* SF-Pro-Rounded-Black.ttf in Resources */,
				E0EA2CF82954404000056B75 /* LocationDetailFeedCell.xib in Resources */,
				E0E7C0B9294AFD9800F7258D /* LaunchScreen.storyboard in Resources */,
				E0EA2D182954404000056B75 /* SF-Pro-Rounded-Ultralight.ttf in Resources */,
				E0EA2D162954404000056B75 /* SF-Pro-Rounded-Semibold.ttf in Resources */,
				E0E7C0B6294AFD9800F7258D /* Assets.xcassets in Resources */,
				E0EA2D1C2954404000056B75 /* SF-Pro-Rounded-Medium.ttf in Resources */,
				E0E7C0B4294AFD9600F7258D /* Main.storyboard in Resources */,
				E0EA2D192954404000056B75 /* SF-Pro-Rounded-Heavy.ttf in Resources */,
				E0EA2CF72954404000056B75 /* CharacterFeedCell.xib in Resources */,
			);
			runOnlyForDeploymentPostprocessing = 0;
		};
		E0E7C0BD294AFD9800F7258D /* Resources */ = {
			isa = PBXResourcesBuildPhase;
			buildActionMask = 2147483647;
			files = (
			);
			runOnlyForDeploymentPostprocessing = 0;
		};
		E0E7C0C7294AFD9800F7258D /* Resources */ = {
			isa = PBXResourcesBuildPhase;
			buildActionMask = 2147483647;
			files = (
			);
			runOnlyForDeploymentPostprocessing = 0;
		};
/* End PBXResourcesBuildPhase section */

/* Begin PBXShellScriptBuildPhase section */
		5CFD3D875C656E91AD71C6C6 /* [CP] Embed Pods Frameworks */ = {
			isa = PBXShellScriptBuildPhase;
			buildActionMask = 2147483647;
			files = (
			);
			inputFileListPaths = (
				"${PODS_ROOT}/Target Support Files/Pods-GetGoTestApp/Pods-GetGoTestApp-frameworks-${CONFIGURATION}-input-files.xcfilelist",
			);
			name = "[CP] Embed Pods Frameworks";
			outputFileListPaths = (
				"${PODS_ROOT}/Target Support Files/Pods-GetGoTestApp/Pods-GetGoTestApp-frameworks-${CONFIGURATION}-output-files.xcfilelist",
			);
			runOnlyForDeploymentPostprocessing = 0;
			shellPath = /bin/sh;
			shellScript = "\"${PODS_ROOT}/Target Support Files/Pods-GetGoTestApp/Pods-GetGoTestApp-frameworks.sh\"\n";
			showEnvVarsInLog = 0;
		};
		7931CF4694453F172B84FD68 /* [CP] Check Pods Manifest.lock */ = {
			isa = PBXShellScriptBuildPhase;
			buildActionMask = 2147483647;
			files = (
			);
			inputFileListPaths = (
			);
			inputPaths = (
				"${PODS_PODFILE_DIR_PATH}/Podfile.lock",
				"${PODS_ROOT}/Manifest.lock",
			);
			name = "[CP] Check Pods Manifest.lock";
			outputFileListPaths = (
			);
			outputPaths = (
				"$(DERIVED_FILE_DIR)/Pods-GetGoTestApp-checkManifestLockResult.txt",
			);
			runOnlyForDeploymentPostprocessing = 0;
			shellPath = /bin/sh;
			shellScript = "diff \"${PODS_PODFILE_DIR_PATH}/Podfile.lock\" \"${PODS_ROOT}/Manifest.lock\" > /dev/null\nif [ $? != 0 ] ; then\n    # print error to STDERR\n    echo \"error: The sandbox is not in sync with the Podfile.lock. Run 'pod install' or update your CocoaPods installation.\" >&2\n    exit 1\nfi\n# This output is used by Xcode 'outputs' to avoid re-running this script phase.\necho \"SUCCESS\" > \"${SCRIPT_OUTPUT_FILE_0}\"\n";
			showEnvVarsInLog = 0;
		};
		C6508EEF550132955936E87E /* [CP] Check Pods Manifest.lock */ = {
			isa = PBXShellScriptBuildPhase;
			buildActionMask = 2147483647;
			files = (
			);
			inputFileListPaths = (
			);
			inputPaths = (
				"${PODS_PODFILE_DIR_PATH}/Podfile.lock",
				"${PODS_ROOT}/Manifest.lock",
			);
			name = "[CP] Check Pods Manifest.lock";
			outputFileListPaths = (
			);
			outputPaths = (
				"$(DERIVED_FILE_DIR)/Pods-GetGoTestApp-GetGoTestAppUITests-checkManifestLockResult.txt",
			);
			runOnlyForDeploymentPostprocessing = 0;
			shellPath = /bin/sh;
			shellScript = "diff \"${PODS_PODFILE_DIR_PATH}/Podfile.lock\" \"${PODS_ROOT}/Manifest.lock\" > /dev/null\nif [ $? != 0 ] ; then\n    # print error to STDERR\n    echo \"error: The sandbox is not in sync with the Podfile.lock. Run 'pod install' or update your CocoaPods installation.\" >&2\n    exit 1\nfi\n# This output is used by Xcode 'outputs' to avoid re-running this script phase.\necho \"SUCCESS\" > \"${SCRIPT_OUTPUT_FILE_0}\"\n";
			showEnvVarsInLog = 0;
		};
		C9F33BCBDADE4BFA02358F7C /* [CP] Embed Pods Frameworks */ = {
			isa = PBXShellScriptBuildPhase;
			buildActionMask = 2147483647;
			files = (
			);
			inputFileListPaths = (
				"${PODS_ROOT}/Target Support Files/Pods-GetGoTestApp-GetGoTestAppUITests/Pods-GetGoTestApp-GetGoTestAppUITests-frameworks-${CONFIGURATION}-input-files.xcfilelist",
			);
			name = "[CP] Embed Pods Frameworks";
			outputFileListPaths = (
				"${PODS_ROOT}/Target Support Files/Pods-GetGoTestApp-GetGoTestAppUITests/Pods-GetGoTestApp-GetGoTestAppUITests-frameworks-${CONFIGURATION}-output-files.xcfilelist",
			);
			runOnlyForDeploymentPostprocessing = 0;
			shellPath = /bin/sh;
			shellScript = "\"${PODS_ROOT}/Target Support Files/Pods-GetGoTestApp-GetGoTestAppUITests/Pods-GetGoTestApp-GetGoTestAppUITests-frameworks.sh\"\n";
			showEnvVarsInLog = 0;
		};
		DFEFE640BCF6B6D243DCDAE3 /* [CP] Check Pods Manifest.lock */ = {
			isa = PBXShellScriptBuildPhase;
			buildActionMask = 2147483647;
			files = (
			);
			inputFileListPaths = (
			);
			inputPaths = (
				"${PODS_PODFILE_DIR_PATH}/Podfile.lock",
				"${PODS_ROOT}/Manifest.lock",
			);
			name = "[CP] Check Pods Manifest.lock";
			outputFileListPaths = (
			);
			outputPaths = (
				"$(DERIVED_FILE_DIR)/Pods-GetGoTestAppTests-checkManifestLockResult.txt",
			);
			runOnlyForDeploymentPostprocessing = 0;
			shellPath = /bin/sh;
			shellScript = "diff \"${PODS_PODFILE_DIR_PATH}/Podfile.lock\" \"${PODS_ROOT}/Manifest.lock\" > /dev/null\nif [ $? != 0 ] ; then\n    # print error to STDERR\n    echo \"error: The sandbox is not in sync with the Podfile.lock. Run 'pod install' or update your CocoaPods installation.\" >&2\n    exit 1\nfi\n# This output is used by Xcode 'outputs' to avoid re-running this script phase.\necho \"SUCCESS\" > \"${SCRIPT_OUTPUT_FILE_0}\"\n";
			showEnvVarsInLog = 0;
		};
/* End PBXShellScriptBuildPhase section */

/* Begin PBXSourcesBuildPhase section */
		E0E7C0A5294AFD9600F7258D /* Sources */ = {
			isa = PBXSourcesBuildPhase;
			buildActionMask = 2147483647;
			files = (
				E0EA2D072954404000056B75 /* EpisodesViewModel.swift in Sources */,
				E0EA2D0F2954404000056B75 /* BaseNetworkRouter.swift in Sources */,
				E0EA2D0A2954404000056B75 /* CharacterList.swift in Sources */,
				E0EA2D082954404000056B75 /* EpisodesDataModel.swift in Sources */,
				E0EA2D002954404000056B75 /* LocationFeedCell.swift in Sources */,
				E0EA2D052954404000056B75 /* CharacterViewModel.swift in Sources */,
				E0EA2CFE2954404000056B75 /* FilterCharacterTagCell.swift in Sources */,
				E0EA2D142954404000056B75 /* ServerLogs.swift in Sources */,
				E0EA2D1E2954404000056B75 /* UIImageView+Extension.swift in Sources */,
				E0EA2D092954404000056B75 /* LocationDataModel.swift in Sources */,
				E0AC70BB294B163A0083C97F /* CharacterViewController.swift in Sources */,
				E0EA2D132954404000056B75 /* NetworkReachability.swift in Sources */,
				E06AF75E29546D32001895C9 /* SheetTransitioningDelegate.swift in Sources */,
				E0EA2D1F2954404000056B75 /* UIView+Extensions.swift in Sources */,
				E0EA2CF32954404000056B75 /* EpisodesFeedCell.swift in Sources */,
				E0EA2D062954404000056B75 /* LocationViewModel.swift in Sources */,
				E0AC70BA294B163A0083C97F /* EpisodesViewController.swift in Sources */,
				E0EA2D122954404000056B75 /* HTTPMethod.swift in Sources */,
				E0EA2CFD2954404000056B75 /* CharacterFeedCell.swift in Sources */,
				E0EA2CFC2954404000056B75 /* EpisodeDetailFeedCell.swift in Sources */,
				E06AF75D29546D32001895C9 /* SheetTransition.swift in Sources */,
				E0EA2CF92954404000056B75 /* CharacterDetailFeedCell.swift in Sources */,
				E0EA2CF22954404000056B75 /* MaterialLoader.swift in Sources */,
				E0EA2D0E2954404000056B75 /* ServerRouterType.swift in Sources */,
				E06AF75729546636001895C9 /* ContainerBottomSheetView.swift in Sources */,
				E0B5F8D82951A743007098C5 /* LocationDetailViewController.swift in Sources */,
				E04519DD2952F8AE00F9AB09 /* FilterViewController.swift in Sources */,
				E0EA2CFA2954404000056B75 /* LocationDetailFeedCell.swift in Sources */,
				E0EA2D102954404000056B75 /* NetworkManager.swift in Sources */,
				E0EA2D022954404000056B75 /* CommonLinkFeedCell.swift in Sources */,
				E0AC70B8294B163A0083C97F /* LocationViewController.swift in Sources */,
				E0EA2D202954404000056B75 /* UICollectionReusableView+Extension.swift in Sources */,
				E0E7C0AD294AFD9600F7258D /* AppDelegate.swift in Sources */,
				E0774CD3295013CD00149BDB /* CharacterDetailViewController.swift in Sources */,
				E0B5F8DE2951C066007098C5 /* EpisodeDetailViewController.swift in Sources */,
				E0EA2D0D2954404000056B75 /* HTTPTask.swift in Sources */,
				E06AF75529546636001895C9 /* CollectionHeaderView.swift in Sources */,
				E0EA2D112954404000056B75 /* ParameterEncoding.swift in Sources */,
				E0AC70B9294B163A0083C97F /* MainTabBarController.swift in Sources */,
				E0EA2D0C2954404000056B75 /* BaseURLServerRouterType.swift in Sources */,
				E0EA2D0B2954404000056B75 /* CommonUtils.swift in Sources */,
				E0E7C0AF294AFD9600F7258D /* SceneDelegate.swift in Sources */,
				E06AF75F29546D32001895C9 /* SheetPresentationController.swift in Sources */,
			);
			runOnlyForDeploymentPostprocessing = 0;
		};
		E0E7C0BB294AFD9800F7258D /* Sources */ = {
			isa = PBXSourcesBuildPhase;
			buildActionMask = 2147483647;
			files = (
				E06AF7652956D0C8001895C9 /* URLSessionMock.swift in Sources */,
				E06AF7632955B2A4001895C9 /* CharacterViewControllerTests.swift in Sources */,
				E0E7C0C4294AFD9800F7258D /* GetGoTestAppTests.swift in Sources */,
			);
			runOnlyForDeploymentPostprocessing = 0;
		};
		E0E7C0C5294AFD9800F7258D /* Sources */ = {
			isa = PBXSourcesBuildPhase;
			buildActionMask = 2147483647;
			files = (
				E04519D92952D25700F9AB09 /* CharacterViewControllerUITests.swift in Sources */,
				E06AF7612955A779001895C9 /* EpisodeViewControllerUITests.swift in Sources */,
				E0E7C0CE294AFD9800F7258D /* GetGoTestAppUITests.swift in Sources */,
				E0E7C0D0294AFD9800F7258D /* GetGoTestAppUITestsLaunchTests.swift in Sources */,
				E04519DB2952DA2A00F9AB09 /* LocationViewControllerUITests.swift in Sources */,
			);
			runOnlyForDeploymentPostprocessing = 0;
		};
/* End PBXSourcesBuildPhase section */

/* Begin PBXTargetDependency section */
		E0E7C0C1294AFD9800F7258D /* PBXTargetDependency */ = {
			isa = PBXTargetDependency;
			target = E0E7C0A8294AFD9600F7258D /* GetGoTestApp */;
			targetProxy = E0E7C0C0294AFD9800F7258D /* PBXContainerItemProxy */;
		};
		E0E7C0CB294AFD9800F7258D /* PBXTargetDependency */ = {
			isa = PBXTargetDependency;
			target = E0E7C0A8294AFD9600F7258D /* GetGoTestApp */;
			targetProxy = E0E7C0CA294AFD9800F7258D /* PBXContainerItemProxy */;
		};
/* End PBXTargetDependency section */

/* Begin PBXVariantGroup section */
		E0E7C0B2294AFD9600F7258D /* Main.storyboard */ = {
			isa = PBXVariantGroup;
			children = (
				E0E7C0B3294AFD9600F7258D /* Base */,
			);
			name = Main.storyboard;
			sourceTree = "<group>";
		};
		E0E7C0B7294AFD9800F7258D /* LaunchScreen.storyboard */ = {
			isa = PBXVariantGroup;
			children = (
				E0E7C0B8294AFD9800F7258D /* Base */,
			);
			name = LaunchScreen.storyboard;
			sourceTree = "<group>";
		};
/* End PBXVariantGroup section */

/* Begin XCBuildConfiguration section */
		E0E7C0D1294AFD9800F7258D /* Debug */ = {
			isa = XCBuildConfiguration;
			buildSettings = {
				ALWAYS_SEARCH_USER_PATHS = NO;
				CLANG_ANALYZER_NONNULL = YES;
				CLANG_ANALYZER_NUMBER_OBJECT_CONVERSION = YES_AGGRESSIVE;
				CLANG_CXX_LANGUAGE_STANDARD = "gnu++17";
				CLANG_ENABLE_MODULES = YES;
				CLANG_ENABLE_OBJC_ARC = YES;
				CLANG_ENABLE_OBJC_WEAK = YES;
				CLANG_WARN_BLOCK_CAPTURE_AUTORELEASING = YES;
				CLANG_WARN_BOOL_CONVERSION = YES;
				CLANG_WARN_COMMA = YES;
				CLANG_WARN_CONSTANT_CONVERSION = YES;
				CLANG_WARN_DEPRECATED_OBJC_IMPLEMENTATIONS = YES;
				CLANG_WARN_DIRECT_OBJC_ISA_USAGE = YES_ERROR;
				CLANG_WARN_DOCUMENTATION_COMMENTS = YES;
				CLANG_WARN_EMPTY_BODY = YES;
				CLANG_WARN_ENUM_CONVERSION = YES;
				CLANG_WARN_INFINITE_RECURSION = YES;
				CLANG_WARN_INT_CONVERSION = YES;
				CLANG_WARN_NON_LITERAL_NULL_CONVERSION = YES;
				CLANG_WARN_OBJC_IMPLICIT_RETAIN_SELF = YES;
				CLANG_WARN_OBJC_LITERAL_CONVERSION = YES;
				CLANG_WARN_OBJC_ROOT_CLASS = YES_ERROR;
				CLANG_WARN_QUOTED_INCLUDE_IN_FRAMEWORK_HEADER = YES;
				CLANG_WARN_RANGE_LOOP_ANALYSIS = YES;
				CLANG_WARN_STRICT_PROTOTYPES = YES;
				CLANG_WARN_SUSPICIOUS_MOVE = YES;
				CLANG_WARN_UNGUARDED_AVAILABILITY = YES_AGGRESSIVE;
				CLANG_WARN_UNREACHABLE_CODE = YES;
				CLANG_WARN__DUPLICATE_METHOD_MATCH = YES;
				COPY_PHASE_STRIP = NO;
				DEBUG_INFORMATION_FORMAT = dwarf;
				ENABLE_STRICT_OBJC_MSGSEND = YES;
				ENABLE_TESTABILITY = YES;
				GCC_C_LANGUAGE_STANDARD = gnu11;
				GCC_DYNAMIC_NO_PIC = NO;
				GCC_NO_COMMON_BLOCKS = YES;
				GCC_OPTIMIZATION_LEVEL = 0;
				GCC_PREPROCESSOR_DEFINITIONS = (
					"DEBUG=1",
					"$(inherited)",
				);
				GCC_WARN_64_TO_32_BIT_CONVERSION = YES;
				GCC_WARN_ABOUT_RETURN_TYPE = YES_ERROR;
				GCC_WARN_UNDECLARED_SELECTOR = YES;
				GCC_WARN_UNINITIALIZED_AUTOS = YES_AGGRESSIVE;
				GCC_WARN_UNUSED_FUNCTION = YES;
				GCC_WARN_UNUSED_VARIABLE = YES;
				IPHONEOS_DEPLOYMENT_TARGET = 15.5;
				MTL_ENABLE_DEBUG_INFO = INCLUDE_SOURCE;
				MTL_FAST_MATH = YES;
				ONLY_ACTIVE_ARCH = YES;
				SDKROOT = iphoneos;
				SWIFT_ACTIVE_COMPILATION_CONDITIONS = DEBUG;
				SWIFT_OPTIMIZATION_LEVEL = "-Onone";
			};
			name = Debug;
		};
		E0E7C0D2294AFD9800F7258D /* Release */ = {
			isa = XCBuildConfiguration;
			buildSettings = {
				ALWAYS_SEARCH_USER_PATHS = NO;
				CLANG_ANALYZER_NONNULL = YES;
				CLANG_ANALYZER_NUMBER_OBJECT_CONVERSION = YES_AGGRESSIVE;
				CLANG_CXX_LANGUAGE_STANDARD = "gnu++17";
				CLANG_ENABLE_MODULES = YES;
				CLANG_ENABLE_OBJC_ARC = YES;
				CLANG_ENABLE_OBJC_WEAK = YES;
				CLANG_WARN_BLOCK_CAPTURE_AUTORELEASING = YES;
				CLANG_WARN_BOOL_CONVERSION = YES;
				CLANG_WARN_COMMA = YES;
				CLANG_WARN_CONSTANT_CONVERSION = YES;
				CLANG_WARN_DEPRECATED_OBJC_IMPLEMENTATIONS = YES;
				CLANG_WARN_DIRECT_OBJC_ISA_USAGE = YES_ERROR;
				CLANG_WARN_DOCUMENTATION_COMMENTS = YES;
				CLANG_WARN_EMPTY_BODY = YES;
				CLANG_WARN_ENUM_CONVERSION = YES;
				CLANG_WARN_INFINITE_RECURSION = YES;
				CLANG_WARN_INT_CONVERSION = YES;
				CLANG_WARN_NON_LITERAL_NULL_CONVERSION = YES;
				CLANG_WARN_OBJC_IMPLICIT_RETAIN_SELF = YES;
				CLANG_WARN_OBJC_LITERAL_CONVERSION = YES;
				CLANG_WARN_OBJC_ROOT_CLASS = YES_ERROR;
				CLANG_WARN_QUOTED_INCLUDE_IN_FRAMEWORK_HEADER = YES;
				CLANG_WARN_RANGE_LOOP_ANALYSIS = YES;
				CLANG_WARN_STRICT_PROTOTYPES = YES;
				CLANG_WARN_SUSPICIOUS_MOVE = YES;
				CLANG_WARN_UNGUARDED_AVAILABILITY = YES_AGGRESSIVE;
				CLANG_WARN_UNREACHABLE_CODE = YES;
				CLANG_WARN__DUPLICATE_METHOD_MATCH = YES;
				COPY_PHASE_STRIP = NO;
				DEBUG_INFORMATION_FORMAT = "dwarf-with-dsym";
				ENABLE_NS_ASSERTIONS = NO;
				ENABLE_STRICT_OBJC_MSGSEND = YES;
				GCC_C_LANGUAGE_STANDARD = gnu11;
				GCC_NO_COMMON_BLOCKS = YES;
				GCC_WARN_64_TO_32_BIT_CONVERSION = YES;
				GCC_WARN_ABOUT_RETURN_TYPE = YES_ERROR;
				GCC_WARN_UNDECLARED_SELECTOR = YES;
				GCC_WARN_UNINITIALIZED_AUTOS = YES_AGGRESSIVE;
				GCC_WARN_UNUSED_FUNCTION = YES;
				GCC_WARN_UNUSED_VARIABLE = YES;
				IPHONEOS_DEPLOYMENT_TARGET = 15.5;
				MTL_ENABLE_DEBUG_INFO = NO;
				MTL_FAST_MATH = YES;
				SDKROOT = iphoneos;
				SWIFT_COMPILATION_MODE = wholemodule;
				SWIFT_OPTIMIZATION_LEVEL = "-O";
				VALIDATE_PRODUCT = YES;
			};
			name = Release;
		};
		E0E7C0D4294AFD9800F7258D /* Debug */ = {
			isa = XCBuildConfiguration;
			baseConfigurationReference = 990E9BFB3D7E3CADCC7A64E3 /* Pods-GetGoTestApp.debug.xcconfig */;
			buildSettings = {
				ASSETCATALOG_COMPILER_APPICON_NAME = AppIcon;
				ASSETCATALOG_COMPILER_GLOBAL_ACCENT_COLOR_NAME = AccentColor;
				CODE_SIGN_STYLE = Automatic;
				CURRENT_PROJECT_VERSION = 1;
				GENERATE_INFOPLIST_FILE = YES;
				INFOPLIST_FILE = GetGoTestApp/Info.plist;
				INFOPLIST_KEY_UIApplicationSupportsIndirectInputEvents = YES;
				INFOPLIST_KEY_UILaunchStoryboardName = LaunchScreen;
				INFOPLIST_KEY_UIMainStoryboardFile = Main;
				INFOPLIST_KEY_UISupportedInterfaceOrientations = "UIInterfaceOrientationPortrait UIInterfaceOrientationPortraitUpsideDown";
				INFOPLIST_KEY_UISupportedInterfaceOrientations_iPad = "UIInterfaceOrientationPortrait UIInterfaceOrientationPortraitUpsideDown UIInterfaceOrientationLandscapeLeft UIInterfaceOrientationLandscapeRight";
				INFOPLIST_KEY_UISupportedInterfaceOrientations_iPhone = "UIInterfaceOrientationPortrait UIInterfaceOrientationLandscapeLeft UIInterfaceOrientationLandscapeRight";
				LD_RUNPATH_SEARCH_PATHS = (
					"$(inherited)",
					"@executable_path/Frameworks",
				);
				MARKETING_VERSION = 1.0;
				PRODUCT_BUNDLE_IDENTIFIER = Chandresh.GetGoTestApp;
				PRODUCT_NAME = "$(TARGET_NAME)";
				SWIFT_EMIT_LOC_STRINGS = YES;
				SWIFT_VERSION = 5.0;
				TARGETED_DEVICE_FAMILY = "1,2";
			};
			name = Debug;
		};
		E0E7C0D5294AFD9800F7258D /* Release */ = {
			isa = XCBuildConfiguration;
			baseConfigurationReference = 66C02935352F119243C46636 /* Pods-GetGoTestApp.release.xcconfig */;
			buildSettings = {
				ASSETCATALOG_COMPILER_APPICON_NAME = AppIcon;
				ASSETCATALOG_COMPILER_GLOBAL_ACCENT_COLOR_NAME = AccentColor;
				CODE_SIGN_STYLE = Automatic;
				CURRENT_PROJECT_VERSION = 1;
				GENERATE_INFOPLIST_FILE = YES;
				INFOPLIST_FILE = GetGoTestApp/Info.plist;
				INFOPLIST_KEY_UIApplicationSupportsIndirectInputEvents = YES;
				INFOPLIST_KEY_UILaunchStoryboardName = LaunchScreen;
				INFOPLIST_KEY_UIMainStoryboardFile = Main;
				INFOPLIST_KEY_UISupportedInterfaceOrientations = "UIInterfaceOrientationPortrait UIInterfaceOrientationPortraitUpsideDown";
				INFOPLIST_KEY_UISupportedInterfaceOrientations_iPad = "UIInterfaceOrientationPortrait UIInterfaceOrientationPortraitUpsideDown UIInterfaceOrientationLandscapeLeft UIInterfaceOrientationLandscapeRight";
				INFOPLIST_KEY_UISupportedInterfaceOrientations_iPhone = "UIInterfaceOrientationPortrait UIInterfaceOrientationLandscapeLeft UIInterfaceOrientationLandscapeRight";
				LD_RUNPATH_SEARCH_PATHS = (
					"$(inherited)",
					"@executable_path/Frameworks",
				);
				MARKETING_VERSION = 1.0;
				PRODUCT_BUNDLE_IDENTIFIER = Chandresh.GetGoTestApp;
				PRODUCT_NAME = "$(TARGET_NAME)";
				SWIFT_EMIT_LOC_STRINGS = YES;
				SWIFT_VERSION = 5.0;
				TARGETED_DEVICE_FAMILY = "1,2";
			};
			name = Release;
		};
		E0E7C0D7294AFD9800F7258D /* Debug */ = {
			isa = XCBuildConfiguration;
			baseConfigurationReference = 0E78EEB285467343337AF611 /* Pods-GetGoTestAppTests.debug.xcconfig */;
			buildSettings = {
				ALWAYS_EMBED_SWIFT_STANDARD_LIBRARIES = YES;
				BUNDLE_LOADER = "$(TEST_HOST)";
				CODE_SIGN_STYLE = Automatic;
				CURRENT_PROJECT_VERSION = 1;
				GENERATE_INFOPLIST_FILE = YES;
				IPHONEOS_DEPLOYMENT_TARGET = 15.5;
				MARKETING_VERSION = 1.0;
				PRODUCT_BUNDLE_IDENTIFIER = Chandresh.GetGoTestAppTests;
				PRODUCT_NAME = "$(TARGET_NAME)";
				SWIFT_EMIT_LOC_STRINGS = NO;
				SWIFT_VERSION = 5.0;
				TARGETED_DEVICE_FAMILY = "1,2";
				TEST_HOST = "$(BUILT_PRODUCTS_DIR)/GetGoTestApp.app/GetGoTestApp";
			};
			name = Debug;
		};
		E0E7C0D8294AFD9800F7258D /* Release */ = {
			isa = XCBuildConfiguration;
			baseConfigurationReference = 2D97D13C9656C9A0403D6148 /* Pods-GetGoTestAppTests.release.xcconfig */;
			buildSettings = {
				ALWAYS_EMBED_SWIFT_STANDARD_LIBRARIES = YES;
				BUNDLE_LOADER = "$(TEST_HOST)";
				CODE_SIGN_STYLE = Automatic;
				CURRENT_PROJECT_VERSION = 1;
				GENERATE_INFOPLIST_FILE = YES;
				IPHONEOS_DEPLOYMENT_TARGET = 15.5;
				MARKETING_VERSION = 1.0;
				PRODUCT_BUNDLE_IDENTIFIER = Chandresh.GetGoTestAppTests;
				PRODUCT_NAME = "$(TARGET_NAME)";
				SWIFT_EMIT_LOC_STRINGS = NO;
				SWIFT_VERSION = 5.0;
				TARGETED_DEVICE_FAMILY = "1,2";
				TEST_HOST = "$(BUILT_PRODUCTS_DIR)/GetGoTestApp.app/GetGoTestApp";
			};
			name = Release;
		};
		E0E7C0DA294AFD9800F7258D /* Debug */ = {
			isa = XCBuildConfiguration;
			baseConfigurationReference = F8D44701EAF9BEF38DE4E48A /* Pods-GetGoTestApp-GetGoTestAppUITests.debug.xcconfig */;
			buildSettings = {
				ALWAYS_EMBED_SWIFT_STANDARD_LIBRARIES = YES;
				CODE_SIGN_STYLE = Automatic;
				CURRENT_PROJECT_VERSION = 1;
				GENERATE_INFOPLIST_FILE = YES;
				MARKETING_VERSION = 1.0;
				PRODUCT_BUNDLE_IDENTIFIER = Chandresh.GetGoTestAppUITests;
				PRODUCT_NAME = "$(TARGET_NAME)";
				SWIFT_EMIT_LOC_STRINGS = NO;
				SWIFT_VERSION = 5.0;
				TARGETED_DEVICE_FAMILY = "1,2";
				TEST_TARGET_NAME = GetGoTestApp;
			};
			name = Debug;
		};
		E0E7C0DB294AFD9800F7258D /* Release */ = {
			isa = XCBuildConfiguration;
			baseConfigurationReference = 286370A65E11079338171702 /* Pods-GetGoTestApp-GetGoTestAppUITests.release.xcconfig */;
			buildSettings = {
				ALWAYS_EMBED_SWIFT_STANDARD_LIBRARIES = YES;
				CODE_SIGN_STYLE = Automatic;
				CURRENT_PROJECT_VERSION = 1;
				GENERATE_INFOPLIST_FILE = YES;
				MARKETING_VERSION = 1.0;
				PRODUCT_BUNDLE_IDENTIFIER = Chandresh.GetGoTestAppUITests;
				PRODUCT_NAME = "$(TARGET_NAME)";
				SWIFT_EMIT_LOC_STRINGS = NO;
				SWIFT_VERSION = 5.0;
				TARGETED_DEVICE_FAMILY = "1,2";
				TEST_TARGET_NAME = GetGoTestApp;
			};
			name = Release;
		};
/* End XCBuildConfiguration section */

/* Begin XCConfigurationList section */
		E0E7C0A4294AFD9600F7258D /* Build configuration list for PBXProject "GetGoTestApp" */ = {
			isa = XCConfigurationList;
			buildConfigurations = (
				E0E7C0D1294AFD9800F7258D /* Debug */,
				E0E7C0D2294AFD9800F7258D /* Release */,
			);
			defaultConfigurationIsVisible = 0;
			defaultConfigurationName = Release;
		};
		E0E7C0D3294AFD9800F7258D /* Build configuration list for PBXNativeTarget "GetGoTestApp" */ = {
			isa = XCConfigurationList;
			buildConfigurations = (
				E0E7C0D4294AFD9800F7258D /* Debug */,
				E0E7C0D5294AFD9800F7258D /* Release */,
			);
			defaultConfigurationIsVisible = 0;
			defaultConfigurationName = Release;
		};
		E0E7C0D6294AFD9800F7258D /* Build configuration list for PBXNativeTarget "GetGoTestAppTests" */ = {
			isa = XCConfigurationList;
			buildConfigurations = (
				E0E7C0D7294AFD9800F7258D /* Debug */,
				E0E7C0D8294AFD9800F7258D /* Release */,
			);
			defaultConfigurationIsVisible = 0;
			defaultConfigurationName = Release;
		};
		E0E7C0D9294AFD9800F7258D /* Build configuration list for PBXNativeTarget "GetGoTestAppUITests" */ = {
			isa = XCConfigurationList;
			buildConfigurations = (
				E0E7C0DA294AFD9800F7258D /* Debug */,
				E0E7C0DB294AFD9800F7258D /* Release */,
			);
			defaultConfigurationIsVisible = 0;
			defaultConfigurationName = Release;
		};
/* End XCConfigurationList section */
	};
	rootObject = E0E7C0A1294AFD9600F7258D /* Project object */;
}
